{
  "name": "test",
  "requires": true,
  "lockfileVersion": 1,
  "dependencies": {
    "reverse-arguments": {
      "version": "1.0.0",
      "resolved": "https://registry.npmjs.org/reverse-arguments/-/reverse-arguments-1.0.0.tgz",
      "integrity": "sha512-/x8uIPdTafBqakK0TmPNJzgkLP+3H+yxpUJhCQHsLBg1rYEVNR2D8BRYNWQhVBjyOd7oo1dZRVzIkwMY2oqfYQ=="
    },
    "typescript": {
      "version": "4.9.3",
      "resolved": "https://registry.npmjs.org/typescript/-/typescript-4.9.3.tgz",
      "integrity": "sha512-CIfGzTelbKNEnLpLdGFgdyKhG23CKdKgQPOBc+OUNrkJ2vr+KSzsSV5kq5iWhEQbok+quxgGzrAtGWCyU7tHnA==",
      "dev": true
    }
  }
}
